{
  "name": "my-custom-packages",
  "version": "1.0.0",
  "lockfileVersion": 3,
  "requires": true,
  "packages": {
    "": {
      "name": "my-custom-packages",
      "version": "1.0.0",
      "license": "ISC",
      "dependencies": {
        "upper-cases": "^1.2.0"
      }
    },
    "node_modules/upper-cases": {
      "version": "1.2.0",
      "resolved": "https://registry.npmjs.org/upper-cases/-/upper-cases-1.2.0.tgz",
      "integrity": "sha512-QTjEplsihOVP6QuJa0IGxmaCdcjBkvBVLNkAUjYkaxzmg6BCCHOCAFOtJMpRlvhAYaOoLZGzYY7M5d2MJOCcIw==",
      "license": "MIT"
    }
  }
}
